
Microsoft Visual Studio Solution File, Format Version 12.00
# Visual Studio Version 17
VisualStudioVersion = 17.13.35931.197 d17.13
MinimumVisualStudioVersion = 10.0.40219.1
Project("{FAE04EC0-301F-11D3-BF4B-00C04F79EFBC}") = "Pg.GitHubActionsDemo.Functions", "Pg.GitHubActionsDemo.Functions\Pg.GitHubActionsDemo.Functions.csproj", "{38999353-5DF4-4852-82BB-0B994751994F}"
EndProject
Project("{FAE04EC0-301F-11D3-BF4B-00C04F79EFBC}") = "Pg.GitHubActionsDemo.Functions.Tests", "Pg.GitHubActionsDemo.Functions.Tests\Pg.GitHubActionsDemo.Functions.Tests.csproj", "{7F44D24C-069B-407A-848E-AFDEA5730F5D}"
EndProject
Global
	GlobalSection(SolutionConfigurationPlatforms) = preSolution
		Debug|Any CPU = Debug|Any CPU
		Release|Any CPU = Release|Any CPU
	EndGlobalSection
	GlobalSection(ProjectConfigurationPlatforms) = postSolution
		{38999353-5DF4-4852-82BB-0B994751994F}.Debug|Any CPU.ActiveCfg = Debug|Any CPU
		{38999353-5DF4-4852-82BB-0B994751994F}.Debug|Any CPU.Build.0 = Debug|Any CPU
		{38999353-5DF4-4852-82BB-0B994751994F}.Release|Any CPU.ActiveCfg = Release|Any CPU
		{38999353-5DF4-4852-82BB-0B994751994F}.Release|Any CPU.Build.0 = Release|Any CPU
		{7F44D24C-069B-407A-848E-AFDEA5730F5D}.Debug|Any CPU.ActiveCfg = Debug|Any CPU
		{7F44D24C-069B-407A-848E-AFDEA5730F5D}.Debug|Any CPU.Build.0 = Debug|Any CPU
		{7F44D24C-069B-407A-848E-AFDEA5730F5D}.Release|Any CPU.ActiveCfg = Release|Any CPU
		{7F44D24C-069B-407A-848E-AFDEA5730F5D}.Release|Any CPU.Build.0 = Release|Any CPU
	EndGlobalSection
	GlobalSection(SolutionProperties) = preSolution
		HideSolutionNode = FALSE
	EndGlobalSection
	GlobalSection(ExtensibilityGlobals) = postSolution
		SolutionGuid = {03480A5C-50DE-47DD-AE28-DEA0DEC7C77C}
	EndGlobalSection
EndGlobal
